// !$*UTF8*$!
{
	archiveVersion = 1;
	classes = {
	};
	objectVersion = 46;
	objects = {

/* Begin PBXBuildFile section */
		956D8E5515CEBF5300E229A2 /* UIKit.framework in Frameworks */ = {isa = PBXBuildFile; fileRef = 956D8E5415CEBF5300E229A2 /* UIKit.framework */; };
		956D8E5715CEBF5300E229A2 /* Foundation.framework in Frameworks */ = {isa = PBXBuildFile; fileRef = 956D8E5615CEBF5300E229A2 /* Foundation.framework */; };
		956D8E5915CEBF5300E229A2 /* CoreGraphics.framework in Frameworks */ = {isa = PBXBuildFile; fileRef = 956D8E5815CEBF5300E229A2 /* CoreGraphics.framework */; };
		956D8E5F15CEBF5300E229A2 /* InfoPlist.strings in Resources */ = {isa = PBXBuildFile; fileRef = 956D8E5D15CEBF5300E229A2 /* InfoPlist.strings */; };
		956D8E6115CEBF5300E229A2 /* main.m in Sources */ = {isa = PBXBuildFile; fileRef = 956D8E6015CEBF5300E229A2 /* main.m */; };
		956D8E6515CEBF5300E229A2 /* FakePumpAppDelegate.m in Sources */ = {isa = PBXBuildFile; fileRef = 956D8E6415CEBF5300E229A2 /* FakePumpAppDelegate.m */; };
		956D8E6815CEBF5300E229A2 /* MainStoryboard.storyboard in Resources */ = {isa = PBXBuildFile; fileRef = 956D8E6615CEBF5300E229A2 /* MainStoryboard.storyboard */; };
		956D8E6B15CEBF5300E229A2 /* FakePumpViewController.m in Sources */ = {isa = PBXBuildFile; fileRef = 956D8E6A15CEBF5300E229A2 /* FakePumpViewController.m */; };
		956D8E7315CEC20D00E229A2 /* EnterBG.m in Sources */ = {isa = PBXBuildFile; fileRef = 956D8E7215CEC20D00E229A2 /* EnterBG.m */; };
		956D8E7615CEC4DA00E229A2 /* CorrectionScreen.m in Sources */ = {isa = PBXBuildFile; fileRef = 956D8E7515CEC4DA00E229A2 /* CorrectionScreen.m */; };
		956D8E7915CEC7D600E229A2 /* CarbScreen.m in Sources */ = {isa = PBXBuildFile; fileRef = 956D8E7815CEC7D600E229A2 /* CarbScreen.m */; };
		956D8E7C15CEE40500E229A2 /* BGViewController.m in Sources */ = {isa = PBXBuildFile; fileRef = 956D8E7B15CEE40500E229A2 /* BGViewController.m */; };
		956D8E7F15CEE5CB00E229A2 /* CarbsViewController.m in Sources */ = {isa = PBXBuildFile; fileRef = 956D8E7E15CEE5CB00E229A2 /* CarbsViewController.m */; };
		956D8E8215CEE62100E229A2 /* SettingsViewController.m in Sources */ = {isa = PBXBuildFile; fileRef = 956D8E8115CEE62100E229A2 /* SettingsViewController.m */; };
/* End PBXBuildFile section */

/* Begin PBXFileReference section */
		956D8E5015CEBF5300E229A2 /* FakePump.app */ = {isa = PBXFileReference; explicitFileType = wrapper.application; includeInIndex = 0; path = FakePump.app; sourceTree = BUILT_PRODUCTS_DIR; };
		956D8E5415CEBF5300E229A2 /* UIKit.framework */ = {isa = PBXFileReference; lastKnownFileType = wrapper.framework; name = UIKit.framework; path = System/Library/Frameworks/UIKit.framework; sourceTree = SDKROOT; };
		956D8E5615CEBF5300E229A2 /* Foundation.framework */ = {isa = PBXFileReference; lastKnownFileType = wrapper.framework; name = Foundation.framework; path = System/Library/Frameworks/Foundation.framework; sourceTree = SDKROOT; };
		956D8E5815CEBF5300E229A2 /* CoreGraphics.framework */ = {isa = PBXFileReference; lastKnownFileType = wrapper.framework; name = CoreGraphics.framework; path = System/Library/Frameworks/CoreGraphics.framework; sourceTree = SDKROOT; };
		956D8E5C15CEBF5300E229A2 /* FakePump-Info.plist */ = {isa = PBXFileReference; lastKnownFileType = text.plist.xml; path = "FakePump-Info.plist"; sourceTree = "<group>"; };
		956D8E5E15CEBF5300E229A2 /* en */ = {isa = PBXFileReference; lastKnownFileType = text.plist.strings; name = en; path = en.lproj/InfoPlist.strings; sourceTree = "<group>"; };
		956D8E6015CEBF5300E229A2 /* main.m */ = {isa = PBXFileReference; lastKnownFileType = sourcecode.c.objc; path = main.m; sourceTree = "<group>"; };
		956D8E6215CEBF5300E229A2 /* FakePump-Prefix.pch */ = {isa = PBXFileReference; lastKnownFileType = sourcecode.c.h; path = "FakePump-Prefix.pch"; sourceTree = "<group>"; };
		956D8E6315CEBF5300E229A2 /* FakePumpAppDelegate.h */ = {isa = PBXFileReference; lastKnownFileType = sourcecode.c.h; path = FakePumpAppDelegate.h; sourceTree = "<group>"; };
		956D8E6415CEBF5300E229A2 /* FakePumpAppDelegate.m */ = {isa = PBXFileReference; lastKnownFileType = sourcecode.c.objc; path = FakePumpAppDelegate.m; sourceTree = "<group>"; };
		956D8E6715CEBF5300E229A2 /* en */ = {isa = PBXFileReference; lastKnownFileType = file.storyboard; name = en; path = en.lproj/MainStoryboard.storyboard; sourceTree = "<group>"; };
		956D8E6915CEBF5300E229A2 /* FakePumpViewController.h */ = {isa = PBXFileReference; lastKnownFileType = sourcecode.c.h; path = FakePumpViewController.h; sourceTree = "<group>"; };
		956D8E6A15CEBF5300E229A2 /* FakePumpViewController.m */ = {isa = PBXFileReference; lastKnownFileType = sourcecode.c.objc; path = FakePumpViewController.m; sourceTree = "<group>"; };
		956D8E7115CEC20D00E229A2 /* EnterBG.h */ = {isa = PBXFileReference; fileEncoding = 4; lastKnownFileType = sourcecode.c.h; path = EnterBG.h; sourceTree = "<group>"; };
		956D8E7215CEC20D00E229A2 /* EnterBG.m */ = {isa = PBXFileReference; fileEncoding = 4; lastKnownFileType = sourcecode.c.objc; path = EnterBG.m; sourceTree = "<group>"; };
		956D8E7415CEC4DA00E229A2 /* CorrectionScreen.h */ = {isa = PBXFileReference; fileEncoding = 4; lastKnownFileType = sourcecode.c.h; path = CorrectionScreen.h; sourceTree = "<group>"; };
		956D8E7515CEC4DA00E229A2 /* CorrectionScreen.m */ = {isa = PBXFileReference; fileEncoding = 4; lastKnownFileType = sourcecode.c.objc; path = CorrectionScreen.m; sourceTree = "<group>"; };
		956D8E7715CEC7D600E229A2 /* CarbScreen.h */ = {isa = PBXFileReference; fileEncoding = 4; lastKnownFileType = sourcecode.c.h; path = CarbScreen.h; sourceTree = "<group>"; };
		956D8E7815CEC7D600E229A2 /* CarbScreen.m */ = {isa = PBXFileReference; fileEncoding = 4; lastKnownFileType = sourcecode.c.objc; path = CarbScreen.m; sourceTree = "<group>"; };
		956D8E7A15CEE40500E229A2 /* BGViewController.h */ = {isa = PBXFileReference; fileEncoding = 4; lastKnownFileType = sourcecode.c.h; path = BGViewController.h; sourceTree = "<group>"; };
		956D8E7B15CEE40500E229A2 /* BGViewController.m */ = {isa = PBXFileReference; fileEncoding = 4; lastKnownFileType = sourcecode.c.objc; path = BGViewController.m; sourceTree = "<group>"; };
		956D8E7D15CEE5CB00E229A2 /* CarbsViewController.h */ = {isa = PBXFileReference; fileEncoding = 4; lastKnownFileType = sourcecode.c.h; path = CarbsViewController.h; sourceTree = "<group>"; };
		956D8E7E15CEE5CB00E229A2 /* CarbsViewController.m */ = {isa = PBXFileReference; fileEncoding = 4; lastKnownFileType = sourcecode.c.objc; path = CarbsViewController.m; sourceTree = "<group>"; };
		956D8E8015CEE62100E229A2 /* SettingsViewController.h */ = {isa = PBXFileReference; fileEncoding = 4; lastKnownFileType = sourcecode.c.h; path = SettingsViewController.h; sourceTree = "<group>"; };
		956D8E8115CEE62100E229A2 /* SettingsViewController.m */ = {isa = PBXFileReference; fileEncoding = 4; lastKnownFileType = sourcecode.c.objc; path = SettingsViewController.m; sourceTree = "<group>"; };
/* End PBXFileReference section */

/* Begin PBXFrameworksBuildPhase section */
		956D8E4D15CEBF5200E229A2 /* Frameworks */ = {
			isa = PBXFrameworksBuildPhase;
			buildActionMask = 2147483647;
			files = (
				956D8E5515CEBF5300E229A2 /* UIKit.framework in Frameworks */,
				956D8E5715CEBF5300E229A2 /* Foundation.framework in Frameworks */,
				956D8E5915CEBF5300E229A2 /* CoreGraphics.framework in Frameworks */,
			);
			runOnlyForDeploymentPostprocessing = 0;
		};
/* End PBXFrameworksBuildPhase section */

/* Begin PBXGroup section */
		956D8E4515CEBF5200E229A2 = {
			isa = PBXGroup;
			children = (
				956D8E5A15CEBF5300E229A2 /* FakePump */,
				956D8E5315CEBF5300E229A2 /* Frameworks */,
				956D8E5115CEBF5300E229A2 /* Products */,
			);
			sourceTree = "<group>";
		};
		956D8E5115CEBF5300E229A2 /* Products */ = {
			isa = PBXGroup;
			children = (
				956D8E5015CEBF5300E229A2 /* FakePump.app */,
			);
			name = Products;
			sourceTree = "<group>";
		};
		956D8E5315CEBF5300E229A2 /* Frameworks */ = {
			isa = PBXGroup;
			children = (
				956D8E5415CEBF5300E229A2 /* UIKit.framework */,
				956D8E5615CEBF5300E229A2 /* Foundation.framework */,
				956D8E5815CEBF5300E229A2 /* CoreGraphics.framework */,
			);
			name = Frameworks;
			sourceTree = "<group>";
		};
		956D8E5A15CEBF5300E229A2 /* FakePump */ = {
			isa = PBXGroup;
			children = (
				956D8E6315CEBF5300E229A2 /* FakePumpAppDelegate.h */,
				956D8E6415CEBF5300E229A2 /* FakePumpAppDelegate.m */,
				956D8E6615CEBF5300E229A2 /* MainStoryboard.storyboard */,
				956D8E8015CEE62100E229A2 /* SettingsViewController.h */,
				956D8E8115CEE62100E229A2 /* SettingsViewController.m */,
				956D8E7D15CEE5CB00E229A2 /* CarbsViewController.h */,
				956D8E7E15CEE5CB00E229A2 /* CarbsViewController.m */,
				956D8E7A15CEE40500E229A2 /* BGViewController.h */,
				956D8E7B15CEE40500E229A2 /* BGViewController.m */,
				956D8E7715CEC7D600E229A2 /* CarbScreen.h */,
				956D8E7815CEC7D600E229A2 /* CarbScreen.m */,
				956D8E7415CEC4DA00E229A2 /* CorrectionScreen.h */,
				956D8E7515CEC4DA00E229A2 /* CorrectionScreen.m */,
				956D8E7115CEC20D00E229A2 /* EnterBG.h */,
				956D8E7215CEC20D00E229A2 /* EnterBG.m */,
				956D8E6915CEBF5300E229A2 /* FakePumpViewController.h */,
				956D8E6A15CEBF5300E229A2 /* FakePumpViewController.m */,
				956D8E5B15CEBF5300E229A2 /* Supporting Files */,
			);
			path = FakePump;
			sourceTree = "<group>";
		};
		956D8E5B15CEBF5300E229A2 /* Supporting Files */ = {
			isa = PBXGroup;
			children = (
				956D8E5C15CEBF5300E229A2 /* FakePump-Info.plist */,
				956D8E5D15CEBF5300E229A2 /* InfoPlist.strings */,
				956D8E6015CEBF5300E229A2 /* main.m */,
				956D8E6215CEBF5300E229A2 /* FakePump-Prefix.pch */,
			);
			name = "Supporting Files";
			sourceTree = "<group>";
		};
/* End PBXGroup section */

/* Begin PBXNativeTarget section */
		956D8E4F15CEBF5200E229A2 /* FakePump */ = {
			isa = PBXNativeTarget;
			buildConfigurationList = 956D8E6E15CEBF5300E229A2 /* Build configuration list for PBXNativeTarget "FakePump" */;
			buildPhases = (
				956D8E4C15CEBF5200E229A2 /* Sources */,
				956D8E4D15CEBF5200E229A2 /* Frameworks */,
				956D8E4E15CEBF5200E229A2 /* Resources */,
			);
			buildRules = (
			);
			dependencies = (
			);
			name = FakePump;
			productName = FakePump;
			productReference = 956D8E5015CEBF5300E229A2 /* FakePump.app */;
			productType = "com.apple.product-type.application";
		};
/* End PBXNativeTarget section */

/* Begin PBXProject section */
		956D8E4715CEBF5200E229A2 /* Project object */ = {
			isa = PBXProject;
			attributes = {
				CLASSPREFIX = FakePump;
				LastUpgradeCheck = 0440;
				ORGANIZATIONNAME = "Dennis Burton";
			};
			buildConfigurationList = 956D8E4A15CEBF5200E229A2 /* Build configuration list for PBXProject "FakePump" */;
			compatibilityVersion = "Xcode 3.2";
			developmentRegion = English;
			hasScannedForEncodings = 0;
			knownRegions = (
				en,
			);
			mainGroup = 956D8E4515CEBF5200E229A2;
			productRefGroup = 956D8E5115CEBF5300E229A2 /* Products */;
			projectDirPath = "";
			projectRoot = "";
			targets = (
				956D8E4F15CEBF5200E229A2 /* FakePump */,
			);
		};
/* End PBXProject section */

/* Begin PBXResourcesBuildPhase section */
		956D8E4E15CEBF5200E229A2 /* Resources */ = {
			isa = PBXResourcesBuildPhase;
			buildActionMask = 2147483647;
			files = (
				956D8E5F15CEBF5300E229A2 /* InfoPlist.strings in Resources */,
				956D8E6815CEBF5300E229A2 /* MainStoryboard.storyboard in Resources */,
			);
			runOnlyForDeploymentPostprocessing = 0;
		};
/* End PBXResourcesBuildPhase section */

/* Begin PBXSourcesBuildPhase section */
		956D8E4C15CEBF5200E229A2 /* Sources */ = {
			isa = PBXSourcesBuildPhase;
			buildActionMask = 2147483647;
			files = (
				956D8E6115CEBF5300E229A2 /* main.m in Sources */,
				956D8E6515CEBF5300E229A2 /* FakePumpAppDelegate.m in Sources */,
				956D8E6B15CEBF5300E229A2 /* FakePumpViewController.m in Sources */,
				956D8E7315CEC20D00E229A2 /* EnterBG.m in Sources */,
				956D8E7615CEC4DA00E229A2 /* CorrectionScreen.m in Sources */,
				956D8E7915CEC7D600E229A2 /* CarbScreen.m in Sources */,
				956D8E7C15CEE40500E229A2 /* BGViewController.m in Sources */,
				956D8E7F15CEE5CB00E229A2 /* CarbsViewController.m in Sources */,
				956D8E8215CEE62100E229A2 /* SettingsViewController.m in Sources */,
			);
			runOnlyForDeploymentPostprocessing = 0;
		};
/* End PBXSourcesBuildPhase section */

/* Begin PBXVariantGroup section */
		956D8E5D15CEBF5300E229A2 /* InfoPlist.strings */ = {
			isa = PBXVariantGroup;
			children = (
				956D8E5E15CEBF5300E229A2 /* en */,
			);
			name = InfoPlist.strings;
			sourceTree = "<group>";
		};
		956D8E6615CEBF5300E229A2 /* MainStoryboard.storyboard */ = {
			isa = PBXVariantGroup;
			children = (
				956D8E6715CEBF5300E229A2 /* en */,
			);
			name = MainStoryboard.storyboard;
			sourceTree = "<group>";
		};
/* End PBXVariantGroup section */

/* Begin XCBuildConfiguration section */
		956D8E6C15CEBF5300E229A2 /* Debug */ = {
			isa = XCBuildConfiguration;
			buildSettings = {
				ALWAYS_SEARCH_USER_PATHS = NO;
				ARCHS = "$(ARCHS_STANDARD_32_BIT)";
				CLANG_CXX_LANGUAGE_STANDARD = "gnu++0x";
				CLANG_ENABLE_OBJC_ARC = YES;
				CLANG_WARN__DUPLICATE_METHOD_MATCH = YES;
				"CODE_SIGN_IDENTITY[sdk=iphoneos*]" = "iPhone Developer";
				COPY_PHASE_STRIP = NO;
				GCC_C_LANGUAGE_STANDARD = gnu99;
				GCC_DYNAMIC_NO_PIC = NO;
				GCC_OPTIMIZATION_LEVEL = 0;
				GCC_PREPROCESSOR_DEFINITIONS = (
					"DEBUG=1",
					"$(inherited)",
				);
				GCC_SYMBOLS_PRIVATE_EXTERN = NO;
				GCC_VERSION = com.apple.compilers.llvm.clang.1_0;
				GCC_WARN_ABOUT_RETURN_TYPE = YES;
				GCC_WARN_UNINITIALIZED_AUTOS = YES;
				GCC_WARN_UNUSED_VARIABLE = YES;
				IPHONEOS_DEPLOYMENT_TARGET = 5.1;
				SDKROOT = iphoneos;
			};
			name = Debug;
		};
		956D8E6D15CEBF5300E229A2 /* Release */ = {
			isa = XCBuildConfiguration;
			buildSettings = {
				ALWAYS_SEARCH_USER_PATHS = NO;
				ARCHS = "$(ARCHS_STANDARD_32_BIT)";
				CLANG_CXX_LANGUAGE_STANDARD = "gnu++0x";
				CLANG_ENABLE_OBJC_ARC = YES;
				CLANG_WARN__DUPLICATE_METHOD_MATCH = YES;
				"CODE_SIGN_IDENTITY[sdk=iphoneos*]" = "iPhone Developer";
				COPY_PHASE_STRIP = YES;
				GCC_C_LANGUAGE_STANDARD = gnu99;
				GCC_VERSION = com.apple.compilers.llvm.clang.1_0;
				GCC_WARN_ABOUT_RETURN_TYPE = YES;
				GCC_WARN_UNINITIALIZED_AUTOS = YES;
				GCC_WARN_UNUSED_VARIABLE = YES;
				IPHONEOS_DEPLOYMENT_TARGET = 5.1;
				OTHER_CFLAGS = "-DNS_BLOCK_ASSERTIONS=1";
				SDKROOT = iphoneos;
				VALIDATE_PRODUCT = YES;
			};
			name = Release;
		};
		956D8E6F15CEBF5300E229A2 /* Debug */ = {
			isa = XCBuildConfiguration;
			buildSettings = {
				GCC_PRECOMPILE_PREFIX_HEADER = YES;
				GCC_PREFIX_HEADER = "FakePump/FakePump-Prefix.pch";
				INFOPLIST_FILE = "FakePump/FakePump-Info.plist";
				PRODUCT_NAME = "$(TARGET_NAME)";
				WRAPPER_EXTENSION = app;
			};
			name = Debug;
		};
		956D8E7015CEBF5300E229A2 /* Release */ = {
			isa = XCBuildConfiguration;
			buildSettings = {
				GCC_PRECOMPILE_PREFIX_HEADER = YES;
				GCC_PREFIX_HEADER = "FakePump/FakePump-Prefix.pch";
				INFOPLIST_FILE = "FakePump/FakePump-Info.plist";
				PRODUCT_NAME = "$(TARGET_NAME)";
				WRAPPER_EXTENSION = app;
			};
			name = Release;
		};
/* End XCBuildConfiguration section */

/* Begin XCConfigurationList section */
		956D8E4A15CEBF5200E229A2 /* Build configuration list for PBXProject "FakePump" */ = {
			isa = XCConfigurationList;
			buildConfigurations = (
				956D8E6C15CEBF5300E229A2 /* Debug */,
				956D8E6D15CEBF5300E229A2 /* Release */,
			);
			defaultConfigurationIsVisible = 0;
			defaultConfigurationName = Release;
		};
		956D8E6E15CEBF5300E229A2 /* Build configuration list for PBXNativeTarget "FakePump" */ = {
			isa = XCConfigurationList;
			buildConfigurations = (
				956D8E6F15CEBF5300E229A2 /* Debug */,
				956D8E7015CEBF5300E229A2 /* Release */,
			);
			defaultConfigurationIsVisible = 0;
		};
/* End XCConfigurationList section */
	};
	rootObject = 956D8E4715CEBF5200E229A2 /* Project object */;
}
